// !$*UTF8*$!
{
	archiveVersion = 1;
	classes = {
	};
	objectVersion = 46;
	objects = {

/* Begin PBXBuildFile section */
		32B5DC5B16B00B8800E59A47 /* libz.dylib in Frameworks */ = {isa = PBXBuildFile; fileRef = 32B5DC5916B00B8800E59A47 /* libz.dylib */; };
		32B5DC5C16B00B8800E59A47 /* Security.framework in Frameworks */ = {isa = PBXBuildFile; fileRef = 32B5DC5A16B00B8800E59A47 /* Security.framework */; };
		32B5DC5F16B00D1700E59A47 /* main.c in Sources */ = {isa = PBXBuildFile; fileRef = 32B5DC3F16AFE39F00E59A47 /* main.c */; };
		32B5DC6016B00D3000E59A47 /* baito.c in Sources */ = {isa = PBXBuildFile; fileRef = 32B5DC3C16AFE39F00E59A47 /* baito.c */; };
		32B5DC6216B00D3000E59A47 /* parson.c in Sources */ = {isa = PBXBuildFile; fileRef = 32B5DC4016AFE39F00E59A47 /* parson.c */; };
		32B5DC6616B00E7A00E59A47 /* libcurl.a in Frameworks */ = {isa = PBXBuildFile; fileRef = 32B5DC5D16B00BA300E59A47 /* libcurl.a */; };
		32B5DC6816B00F0400E59A47 /* CoreFoundation.framework in Frameworks */ = {isa = PBXBuildFile; fileRef = 32B5DC6716B00F0400E59A47 /* CoreFoundation.framework */; };
/* End PBXBuildFile section */

/* Begin PBXCopyFilesBuildPhase section */
		32B5DC4816AFF74E00E59A47 /* CopyFiles */ = {
			isa = PBXCopyFilesBuildPhase;
			buildActionMask = 2147483647;
			dstPath = usr/share/man/man1;
			dstSubfolderSpec = 0;
			files = (
			);
			runOnlyForDeploymentPostprocessing = 1;
		};
/* End PBXCopyFilesBuildPhase section */

/* Begin PBXFileReference section */
		32B5DC3C16AFE39F00E59A47 /* baito.c */ = {isa = PBXFileReference; lastKnownFileType = sourcecode.c.c; name = baito.c; path = src/baito.c; sourceTree = "<group>"; };
		32B5DC3D16AFE39F00E59A47 /* baito.h */ = {isa = PBXFileReference; lastKnownFileType = sourcecode.c.h; name = baito.h; path = src/baito.h; sourceTree = "<group>"; };
		32B5DC3E16AFE39F00E59A47 /* example.c */ = {isa = PBXFileReference; lastKnownFileType = sourcecode.c.c; name = example.c; path = src/example.c; sourceTree = "<group>"; };
		32B5DC3F16AFE39F00E59A47 /* main.c */ = {isa = PBXFileReference; lastKnownFileType = sourcecode.c.c; name = main.c; path = src/main.c; sourceTree = "<group>"; };
		32B5DC4016AFE39F00E59A47 /* parson.c */ = {isa = PBXFileReference; lastKnownFileType = sourcecode.c.c; name = parson.c; path = src/parson.c; sourceTree = "<group>"; };
		32B5DC4116AFE39F00E59A47 /* parson.h */ = {isa = PBXFileReference; lastKnownFileType = sourcecode.c.h; name = parson.h; path = src/parson.h; sourceTree = "<group>"; };
		32B5DC4A16AFF74E00E59A47 /* baito-client */ = {isa = PBXFileReference; explicitFileType = "compiled.mach-o.executable"; includeInIndex = 0; path = "baito-client"; sourceTree = BUILT_PRODUCTS_DIR; };
		32B5DC4E16AFF74F00E59A47 /* main.c */ = {isa = PBXFileReference; lastKnownFileType = sourcecode.c.c; path = main.c; sourceTree = "<group>"; };
		32B5DC5016AFF74F00E59A47 /* baito_client.1 */ = {isa = PBXFileReference; lastKnownFileType = text.man; path = baito_client.1; sourceTree = "<group>"; };
		32B5DC5916B00B8800E59A47 /* libz.dylib */ = {isa = PBXFileReference; lastKnownFileType = "compiled.mach-o.dylib"; name = libz.dylib; path = Platforms/MacOSX.platform/Developer/SDKs/MacOSX10.8.sdk/usr/lib/libz.dylib; sourceTree = DEVELOPER_DIR; };
		32B5DC5A16B00B8800E59A47 /* Security.framework */ = {isa = PBXFileReference; lastKnownFileType = wrapper.framework; name = Security.framework; path = Platforms/MacOSX.platform/Developer/SDKs/MacOSX10.8.sdk/System/Library/Frameworks/Security.framework; sourceTree = DEVELOPER_DIR; };
		32B5DC5D16B00BA300E59A47 /* libcurl.a */ = {isa = PBXFileReference; lastKnownFileType = archive.ar; name = libcurl.a; path = "lib/host-libcurl/lib/libcurl.a"; sourceTree = "<group>"; };
		32B5DC6416B00DB400E59A47 /* libcurl.a */ = {isa = PBXFileReference; lastKnownFileType = archive.ar; name = libcurl.a; path = "lib/common-libcurl/lib/libcurl.a"; sourceTree = "<group>"; };
		32B5DC6716B00F0400E59A47 /* CoreFoundation.framework */ = {isa = PBXFileReference; lastKnownFileType = wrapper.framework; name = CoreFoundation.framework; path = Platforms/MacOSX.platform/Developer/SDKs/MacOSX10.8.sdk/System/Library/Frameworks/CoreFoundation.framework; sourceTree = DEVELOPER_DIR; };
/* End PBXFileReference section */

/* Begin PBXFrameworksBuildPhase section */
		32B5DC4716AFF74E00E59A47 /* Frameworks */ = {
			isa = PBXFrameworksBuildPhase;
			buildActionMask = 2147483647;
			files = (
				32B5DC6816B00F0400E59A47 /* CoreFoundation.framework in Frameworks */,
				32B5DC5C16B00B8800E59A47 /* Security.framework in Frameworks */,
				32B5DC5B16B00B8800E59A47 /* libz.dylib in Frameworks */,
				32B5DC6616B00E7A00E59A47 /* libcurl.a in Frameworks */,
			);
			runOnlyForDeploymentPostprocessing = 0;
		};
/* End PBXFrameworksBuildPhase section */

/* Begin PBXGroup section */
		32B5DC3016AFE33D00E59A47 = {
			isa = PBXGroup;
			children = (
				32B5DC6716B00F0400E59A47 /* CoreFoundation.framework */,
				32B5DC6416B00DB400E59A47 /* libcurl.a */,
				32B5DC5D16B00BA300E59A47 /* libcurl.a */,
				32B5DC5916B00B8800E59A47 /* libz.dylib */,
				32B5DC5A16B00B8800E59A47 /* Security.framework */,
				32B5DC3F16AFE39F00E59A47 /* main.c */,
				32B5DC4416AFE3CC00E59A47 /* Baito */,
				32B5DC4316AFE3B300E59A47 /* Parson */,
				32B5DC4516AFE3FC00E59A47 /* Playground */,
				32B5DC4D16AFF74F00E59A47 /* baito-client */,
				32B5DC4B16AFF74E00E59A47 /* Products */,
			);
			sourceTree = "<group>";
		};
		32B5DC4316AFE3B300E59A47 /* Parson */ = {
			isa = PBXGroup;
			children = (
				32B5DC4016AFE39F00E59A47 /* parson.c */,
				32B5DC4116AFE39F00E59A47 /* parson.h */,
			);
			name = Parson;
			sourceTree = "<group>";
		};
		32B5DC4416AFE3CC00E59A47 /* Baito */ = {
			isa = PBXGroup;
			children = (
				32B5DC3C16AFE39F00E59A47 /* baito.c */,
				32B5DC3D16AFE39F00E59A47 /* baito.h */,
			);
			name = Baito;
			sourceTree = "<group>";
		};
		32B5DC4516AFE3FC00E59A47 /* Playground */ = {
			isa = PBXGroup;
			children = (
				32B5DC3E16AFE39F00E59A47 /* example.c */,
			);
			name = Playground;
			sourceTree = "<group>";
		};
		32B5DC4B16AFF74E00E59A47 /* Products */ = {
			isa = PBXGroup;
			children = (
				32B5DC4A16AFF74E00E59A47 /* baito-client */,
			);
			name = Products;
			sourceTree = "<group>";
		};
		32B5DC4D16AFF74F00E59A47 /* baito-client */ = {
			isa = PBXGroup;
			children = (
				32B5DC4E16AFF74F00E59A47 /* main.c */,
				32B5DC5016AFF74F00E59A47 /* baito_client.1 */,
			);
			path = "baito-client";
			sourceTree = "<group>";
		};
/* End PBXGroup section */

/* Begin PBXNativeTarget section */
		32B5DC4916AFF74E00E59A47 /* baito-client */ = {
			isa = PBXNativeTarget;
			buildConfigurationList = 32B5DC5216AFF74F00E59A47 /* Build configuration list for PBXNativeTarget "baito-client" */;
			buildPhases = (
				32B5DC4616AFF74E00E59A47 /* Sources */,
				32B5DC4716AFF74E00E59A47 /* Frameworks */,
				32B5DC4816AFF74E00E59A47 /* CopyFiles */,
			);
			buildRules = (
			);
			dependencies = (
			);
			name = "baito-client";
			productName = "baito-client";
			productReference = 32B5DC4A16AFF74E00E59A47 /* baito-client */;
			productType = "com.apple.product-type.tool";
		};
/* End PBXNativeTarget section */

/* Begin PBXProject section */
		32B5DC3216AFE33D00E59A47 /* Project object */ = {
			isa = PBXProject;
			attributes = {
				LastUpgradeCheck = 0450;
			};
			buildConfigurationList = 32B5DC3516AFE33D00E59A47 /* Build configuration list for PBXProject "Baito-Client" */;
			compatibilityVersion = "Xcode 3.2";
			developmentRegion = English;
			hasScannedForEncodings = 0;
			knownRegions = (
				en,
			);
			mainGroup = 32B5DC3016AFE33D00E59A47;
			productRefGroup = 32B5DC4B16AFF74E00E59A47 /* Products */;
			projectDirPath = "";
			projectRoot = "";
			targets = (
				32B5DC4916AFF74E00E59A47 /* baito-client */,
			);
		};
/* End PBXProject section */

/* Begin PBXSourcesBuildPhase section */
		32B5DC4616AFF74E00E59A47 /* Sources */ = {
			isa = PBXSourcesBuildPhase;
			buildActionMask = 2147483647;
			files = (
				32B5DC6016B00D3000E59A47 /* baito.c in Sources */,
				32B5DC6216B00D3000E59A47 /* parson.c in Sources */,
				32B5DC5F16B00D1700E59A47 /* main.c in Sources */,
			);
			runOnlyForDeploymentPostprocessing = 0;
		};
/* End PBXSourcesBuildPhase section */

/* Begin XCBuildConfiguration section */
		32B5DC3716AFE33D00E59A47 /* Debug */ = {
			isa = XCBuildConfiguration;
			buildSettings = {
				MACOSX_DEPLOYMENT_TARGET = 10.8;
			};
			name = Debug;
		};
		32B5DC3816AFE33D00E59A47 /* Release */ = {
			isa = XCBuildConfiguration;
			buildSettings = {
				MACOSX_DEPLOYMENT_TARGET = 10.8;
			};
			name = Release;
		};
		32B5DC5316AFF74F00E59A47 /* Debug */ = {
			isa = XCBuildConfiguration;
			buildSettings = {
				ALWAYS_SEARCH_USER_PATHS = NO;
				ARCHS = "$(ARCHS_STANDARD_64_BIT)";
				CLANG_CXX_LANGUAGE_STANDARD = "gnu++0x";
				CLANG_CXX_LIBRARY = "libc++";
				CLANG_ENABLE_OBJC_ARC = YES;
				CLANG_WARN_EMPTY_BODY = YES;
				CLANG_WARN__DUPLICATE_METHOD_MATCH = YES;
				COPY_PHASE_STRIP = NO;
				GCC_C_LANGUAGE_STANDARD = gnu99;
				GCC_DYNAMIC_NO_PIC = NO;
				GCC_ENABLE_OBJC_EXCEPTIONS = YES;
				GCC_OPTIMIZATION_LEVEL = 0;
				GCC_PREPROCESSOR_DEFINITIONS = (
					"DEBUG=1",
					"$(inherited)",
				);
				GCC_SYMBOLS_PRIVATE_EXTERN = NO;
				GCC_WARN_64_TO_32_BIT_CONVERSION = YES;
				GCC_WARN_ABOUT_RETURN_TYPE = YES;
				GCC_WARN_UNINITIALIZED_AUTOS = YES;
				GCC_WARN_UNUSED_VARIABLE = YES;
				HEADER_SEARCH_PATHS = "$(PROJECT_DIR)/lib/host-libcurl/include/curl";
				LIBRARY_SEARCH_PATHS = (
					"$(inherited)",
					"\"$(SRCROOT)/lib/host-libcurl/lib\"",
				);
				MACOSX_DEPLOYMENT_TARGET = 10.8;
				ONLY_ACTIVE_ARCH = YES;
				PRODUCT_NAME = "$(TARGET_NAME)";
				SDKROOT = macosx;
			};
			name = Debug;
		};
		32B5DC5416AFF74F00E59A47 /* Release */ = {
			isa = XCBuildConfiguration;
			buildSettings = {
				ALWAYS_SEARCH_USER_PATHS = NO;
				ARCHS = "$(ARCHS_STANDARD_64_BIT)";
				CLANG_CXX_LANGUAGE_STANDARD = "gnu++0x";
				CLANG_CXX_LIBRARY = "libc++";
				CLANG_ENABLE_OBJC_ARC = YES;
				CLANG_WARN_EMPTY_BODY = YES;
				CLANG_WARN__DUPLICATE_METHOD_MATCH = YES;
				COPY_PHASE_STRIP = YES;
				DEBUG_INFORMATION_FORMAT = "dwarf-with-dsym";
				GCC_C_LANGUAGE_STANDARD = gnu99;
				GCC_ENABLE_OBJC_EXCEPTIONS = YES;
				GCC_WARN_64_TO_32_BIT_CONVERSION = YES;
				GCC_WARN_ABOUT_RETURN_TYPE = YES;
				GCC_WARN_UNINITIALIZED_AUTOS = YES;
				GCC_WARN_UNUSED_VARIABLE = YES;
				HEADER_SEARCH_PATHS = "$(PROJECT_DIR)/lib/host-libcurl/include/curl";
				LIBRARY_SEARCH_PATHS = (
					"$(inherited)",
					"\"$(SRCROOT)/lib/host-libcurl/lib\"",
				);
				MACOSX_DEPLOYMENT_TARGET = 10.8;
				PRODUCT_NAME = "$(TARGET_NAME)";
				SDKROOT = macosx;
			};
			name = Release;
		};
/* End XCBuildConfiguration section */

/* Begin XCConfigurationList section */
		32B5DC3516AFE33D00E59A47 /* Build configuration list for PBXProject "Baito-Client" */ = {
			isa = XCConfigurationList;
			buildConfigurations = (
				32B5DC3716AFE33D00E59A47 /* Debug */,
				32B5DC3816AFE33D00E59A47 /* Release */,
			);
			defaultConfigurationIsVisible = 0;
			defaultConfigurationName = Release;
		};
		32B5DC5216AFF74F00E59A47 /* Build configuration list for PBXNativeTarget "baito-client" */ = {
			isa = XCConfigurationList;
			buildConfigurations = (
				32B5DC5316AFF74F00E59A47 /* Debug */,
				32B5DC5416AFF74F00E59A47 /* Release */,
			);
			defaultConfigurationIsVisible = 0;
		};
/* End XCConfigurationList section */
	};
	rootObject = 32B5DC3216AFE33D00E59A47 /* Project object */;
}
