// !$*UTF8*$!
{
	archiveVersion = 1;
	classes = {
	};
	objectVersion = 46;
	objects = {

/* Begin PBXBuildFile section */
		3262F99616B310A900CCB419 /* Default.png in Resources */ = {isa = PBXBuildFile; fileRef = 3262F99516B310A900CCB419 /* Default.png */; };
		3262F99816B310AE00CCB419 /* Default@2x.png in Resources */ = {isa = PBXBuildFile; fileRef = 3262F99716B310AE00CCB419 /* Default@2x.png */; };
		3262F99A16B310B400CCB419 /* Default-568h@2x.png in Resources */ = {isa = PBXBuildFile; fileRef = 3262F99916B310B400CCB419 /* Default-568h@2x.png */; };
		3262F99C16B310BC00CCB419 /* icon_small.png in Resources */ = {isa = PBXBuildFile; fileRef = 3262F99B16B310BC00CCB419 /* icon_small.png */; };
		3262F99E16B310C500CCB419 /* icon.png in Resources */ = {isa = PBXBuildFile; fileRef = 3262F99D16B310C500CCB419 /* icon.png */; };
		3262F9A116B4400500CCB419 /* CoreLocation.framework in Frameworks */ = {isa = PBXBuildFile; fileRef = 3262F9A016B4400500CCB419 /* CoreLocation.framework */; };
		326652BF16B13F720083CDFF /* MapKit.framework in Frameworks */ = {isa = PBXBuildFile; fileRef = 326652BE16B13F720083CDFF /* MapKit.framework */; };
		326652C216B188780083CDFF /* baitoViewJobControllerViewController.m in Sources */ = {isa = PBXBuildFile; fileRef = 326652C116B188780083CDFF /* baitoViewJobControllerViewController.m */; };
		3277289016C13BA900F02A96 /* libbaito.a in Frameworks */ = {isa = PBXBuildFile; fileRef = 32B5DC2216AEF27C00E59A47 /* libbaito.a */; };
		3277289116C13BF700F02A96 /* libcurl.a in Frameworks */ = {isa = PBXBuildFile; fileRef = 32B5DC2416AEF6F800E59A47 /* libcurl.a */; };
		3277289416C1452B00F02A96 /* libcrypto.a in Frameworks */ = {isa = PBXBuildFile; fileRef = 3277289216C1452B00F02A96 /* libcrypto.a */; };
		3277289516C1452B00F02A96 /* libssl.a in Frameworks */ = {isa = PBXBuildFile; fileRef = 3277289316C1452B00F02A96 /* libssl.a */; };
		32B5DC1F16AEF24700E59A47 /* libz.dylib in Frameworks */ = {isa = PBXBuildFile; fileRef = 32B5DC1D16AEF24700E59A47 /* libz.dylib */; };
		32D1F69216AEEA01006E4EFE /* UIKit.framework in Frameworks */ = {isa = PBXBuildFile; fileRef = 32D1F69116AEEA01006E4EFE /* UIKit.framework */; };
		32D1F69416AEEA01006E4EFE /* Foundation.framework in Frameworks */ = {isa = PBXBuildFile; fileRef = 32D1F69316AEEA01006E4EFE /* Foundation.framework */; };
		32D1F69616AEEA01006E4EFE /* CoreGraphics.framework in Frameworks */ = {isa = PBXBuildFile; fileRef = 32D1F69516AEEA01006E4EFE /* CoreGraphics.framework */; };
		32D1F69C16AEEA01006E4EFE /* InfoPlist.strings in Resources */ = {isa = PBXBuildFile; fileRef = 32D1F69A16AEEA01006E4EFE /* InfoPlist.strings */; };
		32D1F69E16AEEA01006E4EFE /* main.m in Sources */ = {isa = PBXBuildFile; fileRef = 32D1F69D16AEEA01006E4EFE /* main.m */; };
		32D1F6A216AEEA01006E4EFE /* testAppDelegate.m in Sources */ = {isa = PBXBuildFile; fileRef = 32D1F6A116AEEA01006E4EFE /* testAppDelegate.m */; };
		32D1F6AB16AEEA01006E4EFE /* MainStoryboard.storyboard in Resources */ = {isa = PBXBuildFile; fileRef = 32D1F6A916AEEA01006E4EFE /* MainStoryboard.storyboard */; };
		32D1F6AE16AEEA01006E4EFE /* testMasterViewController.m in Sources */ = {isa = PBXBuildFile; fileRef = 32D1F6AD16AEEA01006E4EFE /* testMasterViewController.m */; };
/* End PBXBuildFile section */

/* Begin PBXFileReference section */
		3262F99516B310A900CCB419 /* Default.png */ = {isa = PBXFileReference; lastKnownFileType = image.png; name = Default.png; path = ../Default.png; sourceTree = "<group>"; };
		3262F99716B310AE00CCB419 /* Default@2x.png */ = {isa = PBXFileReference; lastKnownFileType = image.png; name = "Default@2x.png"; path = "../Default@2x.png"; sourceTree = "<group>"; };
		3262F99916B310B400CCB419 /* Default-568h@2x.png */ = {isa = PBXFileReference; lastKnownFileType = image.png; name = "Default-568h@2x.png"; path = "../Default-568h@2x.png"; sourceTree = "<group>"; };
		3262F99B16B310BC00CCB419 /* icon_small.png */ = {isa = PBXFileReference; lastKnownFileType = image.png; name = icon_small.png; path = ../icon_small.png; sourceTree = "<group>"; };
		3262F99D16B310C500CCB419 /* icon.png */ = {isa = PBXFileReference; lastKnownFileType = image.png; name = icon.png; path = ../icon.png; sourceTree = "<group>"; };
		3262F9A016B4400500CCB419 /* CoreLocation.framework */ = {isa = PBXFileReference; lastKnownFileType = wrapper.framework; name = CoreLocation.framework; path = System/Library/Frameworks/CoreLocation.framework; sourceTree = SDKROOT; };
		326652BE16B13F720083CDFF /* MapKit.framework */ = {isa = PBXFileReference; lastKnownFileType = wrapper.framework; name = MapKit.framework; path = System/Library/Frameworks/MapKit.framework; sourceTree = SDKROOT; };
		326652C016B188780083CDFF /* baitoViewJobControllerViewController.h */ = {isa = PBXFileReference; fileEncoding = 4; lastKnownFileType = sourcecode.c.h; path = baitoViewJobControllerViewController.h; sourceTree = "<group>"; };
		326652C116B188780083CDFF /* baitoViewJobControllerViewController.m */ = {isa = PBXFileReference; fileEncoding = 4; lastKnownFileType = sourcecode.c.objc; path = baitoViewJobControllerViewController.m; sourceTree = "<group>"; };
		3277289216C1452B00F02A96 /* libcrypto.a */ = {isa = PBXFileReference; lastKnownFileType = archive.ar; name = libcrypto.a; path = "../lib/common-libssl/lib/libcrypto.a"; sourceTree = "<group>"; };
		3277289316C1452B00F02A96 /* libssl.a */ = {isa = PBXFileReference; lastKnownFileType = archive.ar; name = libssl.a; path = "../lib/common-libssl/lib/libssl.a"; sourceTree = "<group>"; };
		32B5DC1D16AEF24700E59A47 /* libz.dylib */ = {isa = PBXFileReference; lastKnownFileType = "compiled.mach-o.dylib"; name = libz.dylib; path = usr/lib/libz.dylib; sourceTree = SDKROOT; };
		32B5DC1E16AEF24700E59A47 /* Security.framework */ = {isa = PBXFileReference; lastKnownFileType = wrapper.framework; name = Security.framework; path = System/Library/Frameworks/Security.framework; sourceTree = SDKROOT; };
		32B5DC2216AEF27C00E59A47 /* libbaito.a */ = {isa = PBXFileReference; lastKnownFileType = archive.ar; name = libbaito.a; path = "../build/common-libbaito/lib/libbaito.a"; sourceTree = "<group>"; };
		32B5DC2416AEF6F800E59A47 /* libcurl.a */ = {isa = PBXFileReference; lastKnownFileType = archive.ar; name = libcurl.a; path = "../lib/common-libcurl/lib/libcurl.a"; sourceTree = "<group>"; };
		32D1F68D16AEEA01006E4EFE /* Baito.app */ = {isa = PBXFileReference; explicitFileType = wrapper.application; includeInIndex = 0; path = Baito.app; sourceTree = BUILT_PRODUCTS_DIR; };
		32D1F69116AEEA01006E4EFE /* UIKit.framework */ = {isa = PBXFileReference; lastKnownFileType = wrapper.framework; name = UIKit.framework; path = System/Library/Frameworks/UIKit.framework; sourceTree = SDKROOT; };
		32D1F69316AEEA01006E4EFE /* Foundation.framework */ = {isa = PBXFileReference; lastKnownFileType = wrapper.framework; name = Foundation.framework; path = System/Library/Frameworks/Foundation.framework; sourceTree = SDKROOT; };
		32D1F69516AEEA01006E4EFE /* CoreGraphics.framework */ = {isa = PBXFileReference; lastKnownFileType = wrapper.framework; name = CoreGraphics.framework; path = System/Library/Frameworks/CoreGraphics.framework; sourceTree = SDKROOT; };
		32D1F69916AEEA01006E4EFE /* Baito-Info.plist */ = {isa = PBXFileReference; lastKnownFileType = text.plist.xml; path = "Baito-Info.plist"; sourceTree = "<group>"; };
		32D1F69B16AEEA01006E4EFE /* en */ = {isa = PBXFileReference; lastKnownFileType = text.plist.strings; name = en; path = en.lproj/InfoPlist.strings; sourceTree = "<group>"; };
		32D1F69D16AEEA01006E4EFE /* main.m */ = {isa = PBXFileReference; lastKnownFileType = sourcecode.c.objc; path = main.m; sourceTree = "<group>"; };
		32D1F69F16AEEA01006E4EFE /* Baito-Prefix.pch */ = {isa = PBXFileReference; lastKnownFileType = sourcecode.c.h; path = "Baito-Prefix.pch"; sourceTree = "<group>"; };
		32D1F6A016AEEA01006E4EFE /* testAppDelegate.h */ = {isa = PBXFileReference; lastKnownFileType = sourcecode.c.h; path = testAppDelegate.h; sourceTree = "<group>"; };
		32D1F6A116AEEA01006E4EFE /* testAppDelegate.m */ = {isa = PBXFileReference; lastKnownFileType = sourcecode.c.objc; path = testAppDelegate.m; sourceTree = "<group>"; };
		32D1F6AA16AEEA01006E4EFE /* en */ = {isa = PBXFileReference; lastKnownFileType = file.storyboard; name = en; path = en.lproj/MainStoryboard.storyboard; sourceTree = "<group>"; };
		32D1F6AC16AEEA01006E4EFE /* testMasterViewController.h */ = {isa = PBXFileReference; lastKnownFileType = sourcecode.c.h; path = testMasterViewController.h; sourceTree = "<group>"; };
		32D1F6AD16AEEA01006E4EFE /* testMasterViewController.m */ = {isa = PBXFileReference; lastKnownFileType = sourcecode.c.objc; path = testMasterViewController.m; sourceTree = "<group>"; };
/* End PBXFileReference section */

/* Begin PBXFrameworksBuildPhase section */
		32D1F68A16AEEA01006E4EFE /* Frameworks */ = {
			isa = PBXFrameworksBuildPhase;
			buildActionMask = 2147483647;
			files = (
				3277289416C1452B00F02A96 /* libcrypto.a in Frameworks */,
				3277289516C1452B00F02A96 /* libssl.a in Frameworks */,
				3277289116C13BF700F02A96 /* libcurl.a in Frameworks */,
				3277289016C13BA900F02A96 /* libbaito.a in Frameworks */,
				3262F9A116B4400500CCB419 /* CoreLocation.framework in Frameworks */,
				326652BF16B13F720083CDFF /* MapKit.framework in Frameworks */,
				32B5DC1F16AEF24700E59A47 /* libz.dylib in Frameworks */,
				32D1F69216AEEA01006E4EFE /* UIKit.framework in Frameworks */,
				32D1F69416AEEA01006E4EFE /* Foundation.framework in Frameworks */,
				32D1F69616AEEA01006E4EFE /* CoreGraphics.framework in Frameworks */,
			);
			runOnlyForDeploymentPostprocessing = 0;
		};
/* End PBXFrameworksBuildPhase section */

/* Begin PBXGroup section */
		326652C316B188BE0083CDFF /* Job */ = {
			isa = PBXGroup;
			children = (
				326652C016B188780083CDFF /* baitoViewJobControllerViewController.h */,
				326652C116B188780083CDFF /* baitoViewJobControllerViewController.m */,
			);
			name = Job;
			sourceTree = "<group>";
		};
		32D1F68216AEEA01006E4EFE = {
			isa = PBXGroup;
			children = (
				32D1F69716AEEA01006E4EFE /* baito */,
				32D1F69016AEEA01006E4EFE /* Frameworks */,
				32D1F68E16AEEA01006E4EFE /* Products */,
			);
			indentWidth = 2;
			sourceTree = "<group>";
			tabWidth = 2;
		};
		32D1F68E16AEEA01006E4EFE /* Products */ = {
			isa = PBXGroup;
			children = (
				32D1F68D16AEEA01006E4EFE /* Baito.app */,
			);
			name = Products;
			sourceTree = "<group>";
		};
		32D1F69016AEEA01006E4EFE /* Frameworks */ = {
			isa = PBXGroup;
			children = (
				3277289216C1452B00F02A96 /* libcrypto.a */,
				3277289316C1452B00F02A96 /* libssl.a */,
				32B5DC2416AEF6F800E59A47 /* libcurl.a */,
				32B5DC2216AEF27C00E59A47 /* libbaito.a */,
				32B5DC1D16AEF24700E59A47 /* libz.dylib */,
				3262F9A016B4400500CCB419 /* CoreLocation.framework */,
				326652BE16B13F720083CDFF /* MapKit.framework */,
				32B5DC1E16AEF24700E59A47 /* Security.framework */,
				32D1F69116AEEA01006E4EFE /* UIKit.framework */,
				32D1F69316AEEA01006E4EFE /* Foundation.framework */,
				32D1F69516AEEA01006E4EFE /* CoreGraphics.framework */,
			);
			name = Frameworks;
			sourceTree = "<group>";
		};
		32D1F69716AEEA01006E4EFE /* baito */ = {
			isa = PBXGroup;
			children = (
				32D1F6A016AEEA01006E4EFE /* testAppDelegate.h */,
				32D1F6A116AEEA01006E4EFE /* testAppDelegate.m */,
				32D1F6A916AEEA01006E4EFE /* MainStoryboard.storyboard */,
				32D1F6AC16AEEA01006E4EFE /* testMasterViewController.h */,
				32D1F6AD16AEEA01006E4EFE /* testMasterViewController.m */,
				32D1F69816AEEA01006E4EFE /* Supporting Files */,
				326652C316B188BE0083CDFF /* Job */,
			);
			name = baito;
			path = test2;
			sourceTree = "<group>";
		};
		32D1F69816AEEA01006E4EFE /* Supporting Files */ = {
			isa = PBXGroup;
			children = (
				3262F99D16B310C500CCB419 /* icon.png */,
				3262F99B16B310BC00CCB419 /* icon_small.png */,
				3262F99916B310B400CCB419 /* Default-568h@2x.png */,
				3262F99716B310AE00CCB419 /* Default@2x.png */,
				3262F99516B310A900CCB419 /* Default.png */,
				32D1F69916AEEA01006E4EFE /* Baito-Info.plist */,
				32D1F69A16AEEA01006E4EFE /* InfoPlist.strings */,
				32D1F69D16AEEA01006E4EFE /* main.m */,
				32D1F69F16AEEA01006E4EFE /* Baito-Prefix.pch */,
			);
			name = "Supporting Files";
			sourceTree = "<group>";
		};
/* End PBXGroup section */

/* Begin PBXNativeTarget section */
		32D1F68C16AEEA01006E4EFE /* Baito */ = {
			isa = PBXNativeTarget;
			buildConfigurationList = 32D1F6B416AEEA01006E4EFE /* Build configuration list for PBXNativeTarget "Baito" */;
			buildPhases = (
				32D1F68916AEEA01006E4EFE /* Sources */,
				32D1F68A16AEEA01006E4EFE /* Frameworks */,
				32D1F68B16AEEA01006E4EFE /* Resources */,
			);
			buildRules = (
			);
			dependencies = (
			);
			name = Baito;
			productName = test2;
			productReference = 32D1F68D16AEEA01006E4EFE /* Baito.app */;
			productType = "com.apple.product-type.application";
		};
/* End PBXNativeTarget section */

/* Begin PBXProject section */
		32D1F68416AEEA01006E4EFE /* Project object */ = {
			isa = PBXProject;
			attributes = {
				CLASSPREFIX = baito;
				LastUpgradeCheck = 0450;
				ORGANIZATIONNAME = "Matthew Brown";
			};
			buildConfigurationList = 32D1F68716AEEA01006E4EFE /* Build configuration list for PBXProject "Baito" */;
			compatibilityVersion = "Xcode 3.2";
			developmentRegion = English;
			hasScannedForEncodings = 0;
			knownRegions = (
				en,
			);
			mainGroup = 32D1F68216AEEA01006E4EFE;
			productRefGroup = 32D1F68E16AEEA01006E4EFE /* Products */;
			projectDirPath = "";
			projectRoot = "";
			targets = (
				32D1F68C16AEEA01006E4EFE /* Baito */,
			);
		};
/* End PBXProject section */

/* Begin PBXResourcesBuildPhase section */
		32D1F68B16AEEA01006E4EFE /* Resources */ = {
			isa = PBXResourcesBuildPhase;
			buildActionMask = 2147483647;
			files = (
				32D1F69C16AEEA01006E4EFE /* InfoPlist.strings in Resources */,
				32D1F6AB16AEEA01006E4EFE /* MainStoryboard.storyboard in Resources */,
				3262F99616B310A900CCB419 /* Default.png in Resources */,
				3262F99816B310AE00CCB419 /* Default@2x.png in Resources */,
				3262F99A16B310B400CCB419 /* Default-568h@2x.png in Resources */,
				3262F99C16B310BC00CCB419 /* icon_small.png in Resources */,
				3262F99E16B310C500CCB419 /* icon.png in Resources */,
			);
			runOnlyForDeploymentPostprocessing = 0;
		};
/* End PBXResourcesBuildPhase section */

/* Begin PBXSourcesBuildPhase section */
		32D1F68916AEEA01006E4EFE /* Sources */ = {
			isa = PBXSourcesBuildPhase;
			buildActionMask = 2147483647;
			files = (
				32D1F69E16AEEA01006E4EFE /* main.m in Sources */,
				32D1F6A216AEEA01006E4EFE /* testAppDelegate.m in Sources */,
				32D1F6AE16AEEA01006E4EFE /* testMasterViewController.m in Sources */,
				326652C216B188780083CDFF /* baitoViewJobControllerViewController.m in Sources */,
			);
			runOnlyForDeploymentPostprocessing = 0;
		};
/* End PBXSourcesBuildPhase section */

/* Begin PBXVariantGroup section */
		32D1F69A16AEEA01006E4EFE /* InfoPlist.strings */ = {
			isa = PBXVariantGroup;
			children = (
				32D1F69B16AEEA01006E4EFE /* en */,
			);
			name = InfoPlist.strings;
			sourceTree = "<group>";
		};
		32D1F6A916AEEA01006E4EFE /* MainStoryboard.storyboard */ = {
			isa = PBXVariantGroup;
			children = (
				32D1F6AA16AEEA01006E4EFE /* en */,
			);
			name = MainStoryboard.storyboard;
			sourceTree = "<group>";
		};
/* End PBXVariantGroup section */

/* Begin XCBuildConfiguration section */
		32D1F6B216AEEA01006E4EFE /* Debug */ = {
			isa = XCBuildConfiguration;
			buildSettings = {
				ALWAYS_SEARCH_USER_PATHS = NO;
				CLANG_CXX_LANGUAGE_STANDARD = "gnu++0x";
				CLANG_CXX_LIBRARY = "libc++";
				CLANG_ENABLE_OBJC_ARC = YES;
				CLANG_WARN_EMPTY_BODY = YES;
				CLANG_WARN__DUPLICATE_METHOD_MATCH = YES;
				"CODE_SIGN_IDENTITY[sdk=iphoneos*]" = "iPhone Developer";
				COPY_PHASE_STRIP = NO;
				GCC_C_LANGUAGE_STANDARD = gnu99;
				GCC_DYNAMIC_NO_PIC = NO;
				GCC_OPTIMIZATION_LEVEL = 0;
				GCC_PREPROCESSOR_DEFINITIONS = (
					"DEBUG=1",
					"$(inherited)",
				);
				GCC_SYMBOLS_PRIVATE_EXTERN = NO;
				GCC_WARN_ABOUT_RETURN_TYPE = YES;
				GCC_WARN_UNINITIALIZED_AUTOS = YES;
				GCC_WARN_UNUSED_VARIABLE = YES;
				IPHONEOS_DEPLOYMENT_TARGET = 6.0;
				ONLY_ACTIVE_ARCH = YES;
				SDKROOT = iphoneos;
			};
			name = Debug;
		};
		32D1F6B316AEEA01006E4EFE /* Release */ = {
			isa = XCBuildConfiguration;
			buildSettings = {
				ALWAYS_SEARCH_USER_PATHS = NO;
				CLANG_CXX_LANGUAGE_STANDARD = "gnu++0x";
				CLANG_CXX_LIBRARY = "libc++";
				CLANG_ENABLE_OBJC_ARC = YES;
				CLANG_WARN_EMPTY_BODY = YES;
				CLANG_WARN__DUPLICATE_METHOD_MATCH = YES;
				"CODE_SIGN_IDENTITY[sdk=iphoneos*]" = "iPhone Developer";
				COPY_PHASE_STRIP = YES;
				GCC_C_LANGUAGE_STANDARD = gnu99;
				GCC_WARN_ABOUT_RETURN_TYPE = YES;
				GCC_WARN_UNINITIALIZED_AUTOS = YES;
				GCC_WARN_UNUSED_VARIABLE = YES;
				IPHONEOS_DEPLOYMENT_TARGET = 6.0;
				OTHER_CFLAGS = "-DNS_BLOCK_ASSERTIONS=1";
				SDKROOT = iphoneos;
				VALIDATE_PRODUCT = YES;
			};
			name = Release;
		};
		32D1F6B516AEEA01006E4EFE /* Debug */ = {
			isa = XCBuildConfiguration;
			buildSettings = {
				GCC_PRECOMPILE_PREFIX_HEADER = YES;
				GCC_PREFIX_HEADER = "test2/Baito-Prefix.pch";
				HEADER_SEARCH_PATHS = "\"$(SRCROOT)/../../Baito-Client/build/common-libbaito/include/\"";
				INFOPLIST_FILE = "test2/Baito-Info.plist";
				IPHONEOS_DEPLOYMENT_TARGET = 6.0;
				LIBRARY_SEARCH_PATHS = (
					"$(inherited)",
					"\"$(SRCROOT)/../../Baito-Client/build/common-libbaito/lib\"",
					"\"$(SRCROOT)/../../Baito-Client/lib/common-libcurl/lib\"",
					"\"$(SRCROOT)/../lib/common-libssl/lib\"",
				);
				PRODUCT_NAME = Baito;
				TARGETED_DEVICE_FAMILY = 1;
				WRAPPER_EXTENSION = app;
			};
			name = Debug;
		};
		32D1F6B616AEEA01006E4EFE /* Release */ = {
			isa = XCBuildConfiguration;
			buildSettings = {
				GCC_PRECOMPILE_PREFIX_HEADER = YES;
				GCC_PREFIX_HEADER = "test2/Baito-Prefix.pch";
				HEADER_SEARCH_PATHS = "\"$(SRCROOT)/../../Baito-Client/build/common-libbaito/include/\"";
				INFOPLIST_FILE = "test2/Baito-Info.plist";
				IPHONEOS_DEPLOYMENT_TARGET = 6.0;
				LIBRARY_SEARCH_PATHS = (
					"$(inherited)",
					"\"$(SRCROOT)/../../Baito-Client/build/common-libbaito/lib\"",
					"\"$(SRCROOT)/../../Baito-Client/lib/common-libcurl/lib\"",
					"\"$(SRCROOT)/../lib/common-libssl/lib\"",
				);
				PRODUCT_NAME = Baito;
				TARGETED_DEVICE_FAMILY = 1;
				WRAPPER_EXTENSION = app;
			};
			name = Release;
		};
/* End XCBuildConfiguration section */

/* Begin XCConfigurationList section */
		32D1F68716AEEA01006E4EFE /* Build configuration list for PBXProject "Baito" */ = {
			isa = XCConfigurationList;
			buildConfigurations = (
				32D1F6B216AEEA01006E4EFE /* Debug */,
				32D1F6B316AEEA01006E4EFE /* Release */,
			);
			defaultConfigurationIsVisible = 0;
			defaultConfigurationName = Release;
		};
		32D1F6B416AEEA01006E4EFE /* Build configuration list for PBXNativeTarget "Baito" */ = {
			isa = XCConfigurationList;
			buildConfigurations = (
				32D1F6B516AEEA01006E4EFE /* Debug */,
				32D1F6B616AEEA01006E4EFE /* Release */,
			);
			defaultConfigurationIsVisible = 0;
			defaultConfigurationName = Release;
		};
/* End XCConfigurationList section */
	};
	rootObject = 32D1F68416AEEA01006E4EFE /* Project object */;
}
